
Microsoft Visual Studio Solution File, Format Version 12.00
# Visual Studio Version 17
VisualStudioVersion = 17.10.34928.147
MinimumVisualStudioVersion = 10.0.40219.1
Project("{9A19103F-16F7-4668-BE54-9A1E7A4F7556}") = "WeatherAppWithDISolution", "WeatherAppWithDISolution\WeatherAppWithDISolution.csproj", "{AAC04601-92C0-4909-A8AD-721DB57DAB86}"
EndProject
Project("{9A19103F-16F7-4668-BE54-9A1E7A4F7556}") = "Services", "Services\Services.csproj", "{C1573513-B28B-403B-922F-072466FEC4DD}"
EndProject
Project("{9A19103F-16F7-4668-BE54-9A1E7A4F7556}") = "ServiceContracts", "ServiceContracts\ServiceContracts.csproj", "{C8FB3730-053B-482E-BC2D-FCD4518E4072}"
EndProject
Project("{FAE04EC0-301F-11D3-BF4B-00C04F79EFBC}") = "Models", "Models\Models.csproj", "{E0E1D5DF-B4BE-40E2-BDAF-0AD1BDA0603A}"
EndProject
Global
	GlobalSection(SolutionConfigurationPlatforms) = preSolution
		Debug|Any CPU = Debug|Any CPU
		Release|Any CPU = Release|Any CPU
	EndGlobalSection
	GlobalSection(ProjectConfigurationPlatforms) = postSolution
		{AAC04601-92C0-4909-A8AD-721DB57DAB86}.Debug|Any CPU.ActiveCfg = Debug|Any CPU
		{AAC04601-92C0-4909-A8AD-721DB57DAB86}.Debug|Any CPU.Build.0 = Debug|Any CPU
		{AAC04601-92C0-4909-A8AD-721DB57DAB86}.Release|Any CPU.ActiveCfg = Release|Any CPU
		{AAC04601-92C0-4909-A8AD-721DB57DAB86}.Release|Any CPU.Build.0 = Release|Any CPU
		{C1573513-B28B-403B-922F-072466FEC4DD}.Debug|Any CPU.ActiveCfg = Debug|Any CPU
		{C1573513-B28B-403B-922F-072466FEC4DD}.Debug|Any CPU.Build.0 = Debug|Any CPU
		{C1573513-B28B-403B-922F-072466FEC4DD}.Release|Any CPU.ActiveCfg = Release|Any CPU
		{C1573513-B28B-403B-922F-072466FEC4DD}.Release|Any CPU.Build.0 = Release|Any CPU
		{C8FB3730-053B-482E-BC2D-FCD4518E4072}.Debug|Any CPU.ActiveCfg = Debug|Any CPU
		{C8FB3730-053B-482E-BC2D-FCD4518E4072}.Debug|Any CPU.Build.0 = Debug|Any CPU
		{C8FB3730-053B-482E-BC2D-FCD4518E4072}.Release|Any CPU.ActiveCfg = Release|Any CPU
		{C8FB3730-053B-482E-BC2D-FCD4518E4072}.Release|Any CPU.Build.0 = Release|Any CPU
		{E0E1D5DF-B4BE-40E2-BDAF-0AD1BDA0603A}.Debug|Any CPU.ActiveCfg = Debug|Any CPU
		{E0E1D5DF-B4BE-40E2-BDAF-0AD1BDA0603A}.Debug|Any CPU.Build.0 = Debug|Any CPU
		{E0E1D5DF-B4BE-40E2-BDAF-0AD1BDA0603A}.Release|Any CPU.ActiveCfg = Release|Any CPU
		{E0E1D5DF-B4BE-40E2-BDAF-0AD1BDA0603A}.Release|Any CPU.Build.0 = Release|Any CPU
	EndGlobalSection
	GlobalSection(SolutionProperties) = preSolution
		HideSolutionNode = FALSE
	EndGlobalSection
EndGlobal
